
Microsoft Visual Studio Solution File, Format Version 12.00
# Visual Studio 15
VisualStudioVersion = 15.0.28010.2036
MinimumVisualStudioVersion = 10.0.40219.1
Project("{8BC9CEB8-8B4A-11D0-8D11-00A0C91BC942}") = "hw", "hw\hw.vcxproj", "{3BF5675C-4D29-4A50-828C-FC27D2C1B9D6}"
EndProject
Global
	GlobalSection(SolutionConfigurationPlatforms) = preSolution
		Debug|x64 = Debug|x64
		Debug|x86 = Debug|x86
		Release|x64 = Release|x64
		Release|x86 = Release|x86
	EndGlobalSection
	GlobalSection(ProjectConfigurationPlatforms) = postSolution
		{3BF5675C-4D29-4A50-828C-FC27D2C1B9D6}.Debug|x64.ActiveCfg = Debug|x64
		{3BF5675C-4D29-4A50-828C-FC27D2C1B9D6}.Debug|x64.Build.0 = Debug|x64
		{3BF5675C-4D29-4A50-828C-FC27D2C1B9D6}.Debug|x86.ActiveCfg = Debug|Win32
		{3BF5675C-4D29-4A50-828C-FC27D2C1B9D6}.Debug|x86.Build.0 = Debug|Win32
		{3BF5675C-4D29-4A50-828C-FC27D2C1B9D6}.Release|x64.ActiveCfg = Release|x64
		{3BF5675C-4D29-4A50-828C-FC27D2C1B9D6}.Release|x64.Build.0 = Release|x64
		{3BF5675C-4D29-4A50-828C-FC27D2C1B9D6}.Release|x86.ActiveCfg = Release|Win32
		{3BF5675C-4D29-4A50-828C-FC27D2C1B9D6}.Release|x86.Build.0 = Release|Win32
	EndGlobalSection
	GlobalSection(SolutionProperties) = preSolution
		HideSolutionNode = FALSE
	EndGlobalSection
	GlobalSection(ExtensibilityGlobals) = postSolution
		SolutionGuid = {94E29CD2-AD89-4D20-83C3-8357E54E8B13}
	EndGlobalSection
EndGlobal
